
Microsoft Visual Studio Solution File, Format Version 12.00
# Visual Studio Version 17
VisualStudioVersion = 17.13.35806.99 d17.13
MinimumVisualStudioVersion = 10.0.40219.1
Project("{FAE04EC0-301F-11D3-BF4B-00C04F79EFBC}") = "CyberSecurityBot", "CyberSecurityBot.csproj", "{23526201-A2C1-4335-B7B3-35533CA79020}"
EndProject
Global
	GlobalSection(SolutionConfigurationPlatforms) = preSolution
		Debug|Any CPU = Debug|Any CPU
		Release|Any CPU = Release|Any CPU
	EndGlobalSection
	GlobalSection(ProjectConfigurationPlatforms) = postSolution
		{23526201-A2C1-4335-B7B3-35533CA79020}.Debug|Any CPU.ActiveCfg = Debug|Any CPU
		{23526201-A2C1-4335-B7B3-35533CA79020}.Debug|Any CPU.Build.0 = Debug|Any CPU
		{23526201-A2C1-4335-B7B3-35533CA79020}.Release|Any CPU.ActiveCfg = Release|Any CPU
		{23526201-A2C1-4335-B7B3-35533CA79020}.Release|Any CPU.Build.0 = Release|Any CPU
	EndGlobalSection
	GlobalSection(SolutionProperties) = preSolution
		HideSolutionNode = FALSE
	EndGlobalSection
	GlobalSection(ExtensibilityGlobals) = postSolution
		SolutionGuid = {34D25F34-757F-4814-8AE2-16289EDB11E1}
	EndGlobalSection
EndGlobal
